
Microsoft Visual Studio Solution File, Format Version 12.00
# Visual Studio Version 17
VisualStudioVersion = 17.0.31903.59
MinimumVisualStudioVersion = 10.0.40219.1
Project("{2150E333-8FDC-42A3-9474-1A3956D46DE8}") = "src", "src", "{827E0CD3-B72D-47B6-A68D-7590B98EB39B}"
EndProject
Project("{FAE04EC0-301F-11D3-BF4B-00C04F79EFBC}") = "HackerNews.Api", "src\HackerNews.Api\HackerNews.Api.csproj", "{77428513-9A3F-435C-B254-DE2A377C5113}"
EndProject
Project("{2150E333-8FDC-42A3-9474-1A3956D46DE8}") = "tests", "tests", "{0AB3BF05-4346-4AA6-1389-037BE0695223}"
EndProject
Project("{FAE04EC0-301F-11D3-BF4B-00C04F79EFBC}") = "HackerNews.Tests", "tests\HackerNews.Tests\HackerNews.Tests.csproj", "{DAD7BC21-B67B-4791-8B6C-F3A61D8C9852}"
EndProject
Global
	GlobalSection(SolutionConfigurationPlatforms) = preSolution
		Debug|Any CPU = Debug|Any CPU
		Debug|x64 = Debug|x64
		Debug|x86 = Debug|x86
		Release|Any CPU = Release|Any CPU
		Release|x64 = Release|x64
		Release|x86 = Release|x86
	EndGlobalSection
	GlobalSection(ProjectConfigurationPlatforms) = postSolution
		{77428513-9A3F-435C-B254-DE2A377C5113}.Debug|Any CPU.ActiveCfg = Debug|Any CPU
		{77428513-9A3F-435C-B254-DE2A377C5113}.Debug|Any CPU.Build.0 = Debug|Any CPU
		{77428513-9A3F-435C-B254-DE2A377C5113}.Debug|x64.ActiveCfg = Debug|Any CPU
		{77428513-9A3F-435C-B254-DE2A377C5113}.Debug|x64.Build.0 = Debug|Any CPU
		{77428513-9A3F-435C-B254-DE2A377C5113}.Debug|x86.ActiveCfg = Debug|Any CPU
		{77428513-9A3F-435C-B254-DE2A377C5113}.Debug|x86.Build.0 = Debug|Any CPU
		{77428513-9A3F-435C-B254-DE2A377C5113}.Release|Any CPU.ActiveCfg = Release|Any CPU
		{77428513-9A3F-435C-B254-DE2A377C5113}.Release|Any CPU.Build.0 = Release|Any CPU
		{77428513-9A3F-435C-B254-DE2A377C5113}.Release|x64.ActiveCfg = Release|Any CPU
		{77428513-9A3F-435C-B254-DE2A377C5113}.Release|x64.Build.0 = Release|Any CPU
		{77428513-9A3F-435C-B254-DE2A377C5113}.Release|x86.ActiveCfg = Release|Any CPU
		{77428513-9A3F-435C-B254-DE2A377C5113}.Release|x86.Build.0 = Release|Any CPU
		{DAD7BC21-B67B-4791-8B6C-F3A61D8C9852}.Debug|Any CPU.ActiveCfg = Debug|Any CPU
		{DAD7BC21-B67B-4791-8B6C-F3A61D8C9852}.Debug|Any CPU.Build.0 = Debug|Any CPU
		{DAD7BC21-B67B-4791-8B6C-F3A61D8C9852}.Debug|x64.ActiveCfg = Debug|Any CPU
		{DAD7BC21-B67B-4791-8B6C-F3A61D8C9852}.Debug|x64.Build.0 = Debug|Any CPU
		{DAD7BC21-B67B-4791-8B6C-F3A61D8C9852}.Debug|x86.ActiveCfg = Debug|Any CPU
		{DAD7BC21-B67B-4791-8B6C-F3A61D8C9852}.Debug|x86.Build.0 = Debug|Any CPU
		{DAD7BC21-B67B-4791-8B6C-F3A61D8C9852}.Release|Any CPU.ActiveCfg = Release|Any CPU
		{DAD7BC21-B67B-4791-8B6C-F3A61D8C9852}.Release|Any CPU.Build.0 = Release|Any CPU
		{DAD7BC21-B67B-4791-8B6C-F3A61D8C9852}.Release|x64.ActiveCfg = Release|Any CPU
		{DAD7BC21-B67B-4791-8B6C-F3A61D8C9852}.Release|x64.Build.0 = Release|Any CPU
		{DAD7BC21-B67B-4791-8B6C-F3A61D8C9852}.Release|x86.ActiveCfg = Release|Any CPU
		{DAD7BC21-B67B-4791-8B6C-F3A61D8C9852}.Release|x86.Build.0 = Release|Any CPU
	EndGlobalSection
	GlobalSection(SolutionProperties) = preSolution
		HideSolutionNode = FALSE
	EndGlobalSection
	GlobalSection(NestedProjects) = preSolution
		{77428513-9A3F-435C-B254-DE2A377C5113} = {827E0CD3-B72D-47B6-A68D-7590B98EB39B}
		{DAD7BC21-B67B-4791-8B6C-F3A61D8C9852} = {0AB3BF05-4346-4AA6-1389-037BE0695223}
	EndGlobalSection
EndGlobal
